
Microsoft Visual Studio Solution File, Format Version 12.00
# Visual Studio Version 16
VisualStudioVersion = 16.0.29215.179
MinimumVisualStudioVersion = 10.0.40219.1
Project("{FAE04EC0-301F-11D3-BF4B-00C04F79EFBC}") = "ToolsPortable", "portablelibraries\ToolsPortable\ToolsPortable\ToolsPortable.csproj", "{175ABC4A-4F7B-4CDB-AF1A-9CBF67A0601C}"
EndProject
Project("{FAE04EC0-301F-11D3-BF4B-00C04F79EFBC}") = "PowerPlannerSending", "shared\PowerPlannerSending\PowerPlannerSending\PowerPlannerSending.csproj", "{B6BD41B2-8886-4E5F-AEA4-4DB5242A2045}"
EndProject
Project("{FAE04EC0-301F-11D3-BF4B-00C04F79EFBC}") = "PowerPlanneriOS", "PowerPlanneriOS\PowerPlanneriOS.csproj", "{7CFAFCB2-C6ED-4C4B-9CBE-745347986F20}"
EndProject
Project("{FAE04EC0-301F-11D3-BF4B-00C04F79EFBC}") = "Vx", "Vx\Vx.csproj", "{5A1B79CC-E5C6-4A68-BE95-7BF643AFB392}"
EndProject
Project("{FAE04EC0-301F-11D3-BF4B-00C04F79EFBC}") = "Vx.iOS", "Vx.iOS\Vx.iOS.csproj", "{A9593895-1AA2-451D-8865-28DE0E2DFFB1}"
EndProject
Project("{FAE04EC0-301F-11D3-BF4B-00C04F79EFBC}") = "PowerPlanner", "PowerPlannerAppDataLibrary\PowerPlanner.csproj", "{82D7BFC6-3F4A-405A-ABB6-D4C11432796B}"
EndProject
Global
	GlobalSection(SolutionConfigurationPlatforms) = preSolution
		Ad-Hoc|Any CPU = Ad-Hoc|Any CPU
		Ad-Hoc|iPhone = Ad-Hoc|iPhone
		Ad-Hoc|iPhoneSimulator = Ad-Hoc|iPhoneSimulator
		AppStore|Any CPU = AppStore|Any CPU
		AppStore|iPhone = AppStore|iPhone
		AppStore|iPhoneSimulator = AppStore|iPhoneSimulator
		Debug|Any CPU = Debug|Any CPU
		Debug|iPhone = Debug|iPhone
		Debug|iPhoneSimulator = Debug|iPhoneSimulator
		Release|Any CPU = Release|Any CPU
		Release|iPhone = Release|iPhone
		Release|iPhoneSimulator = Release|iPhoneSimulator
		Release (Android)|Any CPU = Release (Android)|Any CPU
		Debug (Android)|Any CPU = Debug (Android)|Any CPU
	EndGlobalSection
	GlobalSection(ProjectConfigurationPlatforms) = postSolution
		{175ABC4A-4F7B-4CDB-AF1A-9CBF67A0601C}.Ad-Hoc|Any CPU.ActiveCfg = Debug (Android)|Any CPU
		{175ABC4A-4F7B-4CDB-AF1A-9CBF67A0601C}.Ad-Hoc|Any CPU.Build.0 = Debug (Android)|Any CPU
		{175ABC4A-4F7B-4CDB-AF1A-9CBF67A0601C}.Ad-Hoc|iPhone.ActiveCfg = Debug (Android)|Any CPU
		{175ABC4A-4F7B-4CDB-AF1A-9CBF67A0601C}.Ad-Hoc|iPhone.Build.0 = Debug (Android)|Any CPU
		{175ABC4A-4F7B-4CDB-AF1A-9CBF67A0601C}.Ad-Hoc|iPhoneSimulator.ActiveCfg = Debug (Android)|Any CPU
		{175ABC4A-4F7B-4CDB-AF1A-9CBF67A0601C}.Ad-Hoc|iPhoneSimulator.Build.0 = Debug (Android)|Any CPU
		{175ABC4A-4F7B-4CDB-AF1A-9CBF67A0601C}.AppStore|Any CPU.ActiveCfg = Debug (Android)|Any CPU
		{175ABC4A-4F7B-4CDB-AF1A-9CBF67A0601C}.AppStore|Any CPU.Build.0 = Debug (Android)|Any CPU
		{175ABC4A-4F7B-4CDB-AF1A-9CBF67A0601C}.AppStore|iPhone.ActiveCfg = Debug (Android)|Any CPU
		{175ABC4A-4F7B-4CDB-AF1A-9CBF67A0601C}.AppStore|iPhone.Build.0 = Debug (Android)|Any CPU
		{175ABC4A-4F7B-4CDB-AF1A-9CBF67A0601C}.AppStore|iPhoneSimulator.ActiveCfg = Debug (Android)|Any CPU
		{175ABC4A-4F7B-4CDB-AF1A-9CBF67A0601C}.AppStore|iPhoneSimulator.Build.0 = Debug (Android)|Any CPU
		{175ABC4A-4F7B-4CDB-AF1A-9CBF67A0601C}.Debug|Any CPU.ActiveCfg = Debug|Any CPU
		{175ABC4A-4F7B-4CDB-AF1A-9CBF67A0601C}.Debug|Any CPU.Build.0 = Debug|Any CPU
		{175ABC4A-4F7B-4CDB-AF1A-9CBF67A0601C}.Debug|iPhone.ActiveCfg = Debug|Any CPU
		{175ABC4A-4F7B-4CDB-AF1A-9CBF67A0601C}.Debug|iPhone.Build.0 = Debug|Any CPU
		{175ABC4A-4F7B-4CDB-AF1A-9CBF67A0601C}.Debug|iPhoneSimulator.ActiveCfg = Debug|Any CPU
		{175ABC4A-4F7B-4CDB-AF1A-9CBF67A0601C}.Debug|iPhoneSimulator.Build.0 = Debug|Any CPU
		{175ABC4A-4F7B-4CDB-AF1A-9CBF67A0601C}.Release|Any CPU.ActiveCfg = Release|Any CPU
		{175ABC4A-4F7B-4CDB-AF1A-9CBF67A0601C}.Release|Any CPU.Build.0 = Release|Any CPU
		{175ABC4A-4F7B-4CDB-AF1A-9CBF67A0601C}.Release|iPhone.ActiveCfg = Release|Any CPU
		{175ABC4A-4F7B-4CDB-AF1A-9CBF67A0601C}.Release|iPhone.Build.0 = Release|Any CPU
		{175ABC4A-4F7B-4CDB-AF1A-9CBF67A0601C}.Release|iPhoneSimulator.ActiveCfg = Release|Any CPU
		{175ABC4A-4F7B-4CDB-AF1A-9CBF67A0601C}.Release|iPhoneSimulator.Build.0 = Release|Any CPU
		{175ABC4A-4F7B-4CDB-AF1A-9CBF67A0601C}.Release (Android)|Any CPU.ActiveCfg = Release (Android)|Any CPU
		{175ABC4A-4F7B-4CDB-AF1A-9CBF67A0601C}.Release (Android)|Any CPU.Build.0 = Release (Android)|Any CPU
		{175ABC4A-4F7B-4CDB-AF1A-9CBF67A0601C}.Debug (Android)|Any CPU.ActiveCfg = Debug (Android)|Any CPU
		{175ABC4A-4F7B-4CDB-AF1A-9CBF67A0601C}.Debug (Android)|Any CPU.Build.0 = Debug (Android)|Any CPU
		{B6BD41B2-8886-4E5F-AEA4-4DB5242A2045}.Ad-Hoc|Any CPU.ActiveCfg = Debug (Android)|Any CPU
		{B6BD41B2-8886-4E5F-AEA4-4DB5242A2045}.Ad-Hoc|Any CPU.Build.0 = Debug (Android)|Any CPU
		{B6BD41B2-8886-4E5F-AEA4-4DB5242A2045}.Ad-Hoc|iPhone.ActiveCfg = Debug (Android)|Any CPU
		{B6BD41B2-8886-4E5F-AEA4-4DB5242A2045}.Ad-Hoc|iPhone.Build.0 = Debug (Android)|Any CPU
		{B6BD41B2-8886-4E5F-AEA4-4DB5242A2045}.Ad-Hoc|iPhoneSimulator.ActiveCfg = Debug (Android)|Any CPU
		{B6BD41B2-8886-4E5F-AEA4-4DB5242A2045}.Ad-Hoc|iPhoneSimulator.Build.0 = Debug (Android)|Any CPU
		{B6BD41B2-8886-4E5F-AEA4-4DB5242A2045}.AppStore|Any CPU.ActiveCfg = Debug (Android)|Any CPU
		{B6BD41B2-8886-4E5F-AEA4-4DB5242A2045}.AppStore|Any CPU.Build.0 = Debug (Android)|Any CPU
		{B6BD41B2-8886-4E5F-AEA4-4DB5242A2045}.AppStore|iPhone.ActiveCfg = Debug (Android)|Any CPU
		{B6BD41B2-8886-4E5F-AEA4-4DB5242A2045}.AppStore|iPhone.Build.0 = Debug (Android)|Any CPU
		{B6BD41B2-8886-4E5F-AEA4-4DB5242A2045}.AppStore|iPhoneSimulator.ActiveCfg = Debug (Android)|Any CPU
		{B6BD41B2-8886-4E5F-AEA4-4DB5242A2045}.AppStore|iPhoneSimulator.Build.0 = Debug (Android)|Any CPU
		{B6BD41B2-8886-4E5F-AEA4-4DB5242A2045}.Debug|Any CPU.ActiveCfg = Debug|Any CPU
		{B6BD41B2-8886-4E5F-AEA4-4DB5242A2045}.Debug|Any CPU.Build.0 = Debug|Any CPU
		{B6BD41B2-8886-4E5F-AEA4-4DB5242A2045}.Debug|iPhone.ActiveCfg = Debug|Any CPU
		{B6BD41B2-8886-4E5F-AEA4-4DB5242A2045}.Debug|iPhone.Build.0 = Debug|Any CPU
		{B6BD41B2-8886-4E5F-AEA4-4DB5242A2045}.Debug|iPhoneSimulator.ActiveCfg = Debug|Any CPU
		{B6BD41B2-8886-4E5F-AEA4-4DB5242A2045}.Debug|iPhoneSimulator.Build.0 = Debug|Any CPU
		{B6BD41B2-8886-4E5F-AEA4-4DB5242A2045}.Release|Any CPU.ActiveCfg = Release|Any CPU
		{B6BD41B2-8886-4E5F-AEA4-4DB5242A2045}.Release|Any CPU.Build.0 = Release|Any CPU
		{B6BD41B2-8886-4E5F-AEA4-4DB5242A2045}.Release|iPhone.ActiveCfg = Release|Any CPU
		{B6BD41B2-8886-4E5F-AEA4-4DB5242A2045}.Release|iPhone.Build.0 = Release|Any CPU
		{B6BD41B2-8886-4E5F-AEA4-4DB5242A2045}.Release|iPhoneSimulator.ActiveCfg = Release|Any CPU
		{B6BD41B2-8886-4E5F-AEA4-4DB5242A2045}.Release|iPhoneSimulator.Build.0 = Release|Any CPU
		{B6BD41B2-8886-4E5F-AEA4-4DB5242A2045}.Release (Android)|Any CPU.ActiveCfg = Debug|Any CPU
		{B6BD41B2-8886-4E5F-AEA4-4DB5242A2045}.Release (Android)|Any CPU.Build.0 = Debug|Any CPU
		{B6BD41B2-8886-4E5F-AEA4-4DB5242A2045}.Debug (Android)|Any CPU.ActiveCfg = Debug|Any CPU
		{B6BD41B2-8886-4E5F-AEA4-4DB5242A2045}.Debug (Android)|Any CPU.Build.0 = Debug|Any CPU
		{7CFAFCB2-C6ED-4C4B-9CBE-745347986F20}.Ad-Hoc|Any CPU.ActiveCfg = Ad-Hoc|iPhone
		{7CFAFCB2-C6ED-4C4B-9CBE-745347986F20}.Ad-Hoc|iPhone.ActiveCfg = Ad-Hoc|iPhone
		{7CFAFCB2-C6ED-4C4B-9CBE-745347986F20}.Ad-Hoc|iPhone.Build.0 = Ad-Hoc|iPhone
		{7CFAFCB2-C6ED-4C4B-9CBE-745347986F20}.Ad-Hoc|iPhoneSimulator.ActiveCfg = Ad-Hoc|iPhoneSimulator
		{7CFAFCB2-C6ED-4C4B-9CBE-745347986F20}.Ad-Hoc|iPhoneSimulator.Build.0 = Ad-Hoc|iPhoneSimulator
		{7CFAFCB2-C6ED-4C4B-9CBE-745347986F20}.AppStore|Any CPU.ActiveCfg = AppStore|iPhone
		{7CFAFCB2-C6ED-4C4B-9CBE-745347986F20}.AppStore|iPhone.ActiveCfg = AppStore|iPhone
		{7CFAFCB2-C6ED-4C4B-9CBE-745347986F20}.AppStore|iPhone.Build.0 = AppStore|iPhone
		{7CFAFCB2-C6ED-4C4B-9CBE-745347986F20}.AppStore|iPhoneSimulator.ActiveCfg = AppStore|iPhoneSimulator
		{7CFAFCB2-C6ED-4C4B-9CBE-745347986F20}.AppStore|iPhoneSimulator.Build.0 = AppStore|iPhoneSimulator
		{7CFAFCB2-C6ED-4C4B-9CBE-745347986F20}.Debug|Any CPU.ActiveCfg = Debug|iPhone
		{7CFAFCB2-C6ED-4C4B-9CBE-745347986F20}.Debug|iPhone.ActiveCfg = Debug|iPhone
		{7CFAFCB2-C6ED-4C4B-9CBE-745347986F20}.Debug|iPhone.Build.0 = Debug|iPhone
		{7CFAFCB2-C6ED-4C4B-9CBE-745347986F20}.Debug|iPhoneSimulator.ActiveCfg = Debug|iPhoneSimulator
		{7CFAFCB2-C6ED-4C4B-9CBE-745347986F20}.Debug|iPhoneSimulator.Build.0 = Debug|iPhoneSimulator
		{7CFAFCB2-C6ED-4C4B-9CBE-745347986F20}.Release|Any CPU.ActiveCfg = Release|iPhone
		{7CFAFCB2-C6ED-4C4B-9CBE-745347986F20}.Release|iPhone.ActiveCfg = Release|iPhone
		{7CFAFCB2-C6ED-4C4B-9CBE-745347986F20}.Release|iPhone.Build.0 = Release|iPhone
		{7CFAFCB2-C6ED-4C4B-9CBE-745347986F20}.Release|iPhoneSimulator.ActiveCfg = Release|iPhoneSimulator
		{7CFAFCB2-C6ED-4C4B-9CBE-745347986F20}.Release|iPhoneSimulator.Build.0 = Release|iPhoneSimulator
		{7CFAFCB2-C6ED-4C4B-9CBE-745347986F20}.Release (Android)|Any CPU.ActiveCfg = Debug|iPhoneSimulator
		{7CFAFCB2-C6ED-4C4B-9CBE-745347986F20}.Release (Android)|Any CPU.Build.0 = Debug|iPhoneSimulator
		{7CFAFCB2-C6ED-4C4B-9CBE-745347986F20}.Debug (Android)|Any CPU.ActiveCfg = Debug|iPhoneSimulator
		{7CFAFCB2-C6ED-4C4B-9CBE-745347986F20}.Debug (Android)|Any CPU.Build.0 = Debug|iPhoneSimulator
		{5A1B79CC-E5C6-4A68-BE95-7BF643AFB392}.Ad-Hoc|Any CPU.ActiveCfg = Release|Any CPU
		{5A1B79CC-E5C6-4A68-BE95-7BF643AFB392}.Ad-Hoc|Any CPU.Build.0 = Release|Any CPU
		{5A1B79CC-E5C6-4A68-BE95-7BF643AFB392}.Ad-Hoc|iPhone.ActiveCfg = Release|Any CPU
		{5A1B79CC-E5C6-4A68-BE95-7BF643AFB392}.Ad-Hoc|iPhone.Build.0 = Release|Any CPU
		{5A1B79CC-E5C6-4A68-BE95-7BF643AFB392}.Ad-Hoc|iPhoneSimulator.ActiveCfg = Release|Any CPU
		{5A1B79CC-E5C6-4A68-BE95-7BF643AFB392}.Ad-Hoc|iPhoneSimulator.Build.0 = Release|Any CPU
		{5A1B79CC-E5C6-4A68-BE95-7BF643AFB392}.AppStore|Any CPU.ActiveCfg = Release|Any CPU
		{5A1B79CC-E5C6-4A68-BE95-7BF643AFB392}.AppStore|Any CPU.Build.0 = Release|Any CPU
		{5A1B79CC-E5C6-4A68-BE95-7BF643AFB392}.AppStore|iPhone.ActiveCfg = Release|Any CPU
		{5A1B79CC-E5C6-4A68-BE95-7BF643AFB392}.AppStore|iPhone.Build.0 = Release|Any CPU
		{5A1B79CC-E5C6-4A68-BE95-7BF643AFB392}.AppStore|iPhoneSimulator.ActiveCfg = Release|Any CPU
		{5A1B79CC-E5C6-4A68-BE95-7BF643AFB392}.AppStore|iPhoneSimulator.Build.0 = Release|Any CPU
		{5A1B79CC-E5C6-4A68-BE95-7BF643AFB392}.Debug|Any CPU.ActiveCfg = Debug|Any CPU
		{5A1B79CC-E5C6-4A68-BE95-7BF643AFB392}.Debug|Any CPU.Build.0 = Debug|Any CPU
		{5A1B79CC-E5C6-4A68-BE95-7BF643AFB392}.Debug|iPhone.ActiveCfg = Debug|Any CPU
		{5A1B79CC-E5C6-4A68-BE95-7BF643AFB392}.Debug|iPhone.Build.0 = Debug|Any CPU
		{5A1B79CC-E5C6-4A68-BE95-7BF643AFB392}.Debug|iPhoneSimulator.ActiveCfg = Debug|Any CPU
		{5A1B79CC-E5C6-4A68-BE95-7BF643AFB392}.Debug|iPhoneSimulator.Build.0 = Debug|Any CPU
		{5A1B79CC-E5C6-4A68-BE95-7BF643AFB392}.Release|Any CPU.ActiveCfg = Release|Any CPU
		{5A1B79CC-E5C6-4A68-BE95-7BF643AFB392}.Release|Any CPU.Build.0 = Release|Any CPU
		{5A1B79CC-E5C6-4A68-BE95-7BF643AFB392}.Release|iPhone.ActiveCfg = Release|Any CPU
		{5A1B79CC-E5C6-4A68-BE95-7BF643AFB392}.Release|iPhone.Build.0 = Release|Any CPU
		{5A1B79CC-E5C6-4A68-BE95-7BF643AFB392}.Release|iPhoneSimulator.ActiveCfg = Release|Any CPU
		{5A1B79CC-E5C6-4A68-BE95-7BF643AFB392}.Release|iPhoneSimulator.Build.0 = Release|Any CPU
		{5A1B79CC-E5C6-4A68-BE95-7BF643AFB392}.Release (Android)|Any CPU.ActiveCfg = Debug|Any CPU
		{5A1B79CC-E5C6-4A68-BE95-7BF643AFB392}.Release (Android)|Any CPU.Build.0 = Debug|Any CPU
		{5A1B79CC-E5C6-4A68-BE95-7BF643AFB392}.Debug (Android)|Any CPU.ActiveCfg = Debug|Any CPU
		{5A1B79CC-E5C6-4A68-BE95-7BF643AFB392}.Debug (Android)|Any CPU.Build.0 = Debug|Any CPU
		{A9593895-1AA2-451D-8865-28DE0E2DFFB1}.Ad-Hoc|Any CPU.ActiveCfg = Release|iPhone
		{A9593895-1AA2-451D-8865-28DE0E2DFFB1}.Ad-Hoc|Any CPU.Build.0 = Release|iPhone
		{A9593895-1AA2-451D-8865-28DE0E2DFFB1}.Ad-Hoc|iPhone.ActiveCfg = Release|iPhone
		{A9593895-1AA2-451D-8865-28DE0E2DFFB1}.Ad-Hoc|iPhone.Build.0 = Release|iPhone
		{A9593895-1AA2-451D-8865-28DE0E2DFFB1}.Ad-Hoc|iPhoneSimulator.ActiveCfg = Release|iPhone
		{A9593895-1AA2-451D-8865-28DE0E2DFFB1}.Ad-Hoc|iPhoneSimulator.Build.0 = Release|iPhone
		{A9593895-1AA2-451D-8865-28DE0E2DFFB1}.AppStore|Any CPU.ActiveCfg = Release|iPhone
		{A9593895-1AA2-451D-8865-28DE0E2DFFB1}.AppStore|Any CPU.Build.0 = Release|iPhone
		{A9593895-1AA2-451D-8865-28DE0E2DFFB1}.AppStore|iPhone.ActiveCfg = Release|iPhone
		{A9593895-1AA2-451D-8865-28DE0E2DFFB1}.AppStore|iPhone.Build.0 = Release|iPhone
		{A9593895-1AA2-451D-8865-28DE0E2DFFB1}.AppStore|iPhoneSimulator.ActiveCfg = Release|iPhone
		{A9593895-1AA2-451D-8865-28DE0E2DFFB1}.AppStore|iPhoneSimulator.Build.0 = Release|iPhone
		{A9593895-1AA2-451D-8865-28DE0E2DFFB1}.Debug|Any CPU.ActiveCfg = Debug|iPhone
		{A9593895-1AA2-451D-8865-28DE0E2DFFB1}.Debug|Any CPU.Build.0 = Debug|iPhone
		{A9593895-1AA2-451D-8865-28DE0E2DFFB1}.Debug|iPhone.ActiveCfg = Debug|iPhone
		{A9593895-1AA2-451D-8865-28DE0E2DFFB1}.Debug|iPhone.Build.0 = Debug|iPhone
		{A9593895-1AA2-451D-8865-28DE0E2DFFB1}.Debug|iPhoneSimulator.ActiveCfg = Debug|iPhoneSimulator
		{A9593895-1AA2-451D-8865-28DE0E2DFFB1}.Debug|iPhoneSimulator.Build.0 = Debug|iPhoneSimulator
		{A9593895-1AA2-451D-8865-28DE0E2DFFB1}.Release|Any CPU.ActiveCfg = Release|iPhone
		{A9593895-1AA2-451D-8865-28DE0E2DFFB1}.Release|Any CPU.Build.0 = Release|iPhone
		{A9593895-1AA2-451D-8865-28DE0E2DFFB1}.Release|iPhone.ActiveCfg = Release|iPhone
		{A9593895-1AA2-451D-8865-28DE0E2DFFB1}.Release|iPhone.Build.0 = Release|iPhone
		{A9593895-1AA2-451D-8865-28DE0E2DFFB1}.Release|iPhoneSimulator.ActiveCfg = Release|iPhoneSimulator
		{A9593895-1AA2-451D-8865-28DE0E2DFFB1}.Release|iPhoneSimulator.Build.0 = Release|iPhoneSimulator
		{A9593895-1AA2-451D-8865-28DE0E2DFFB1}.Release (Android)|Any CPU.ActiveCfg = Debug|iPhoneSimulator
		{A9593895-1AA2-451D-8865-28DE0E2DFFB1}.Release (Android)|Any CPU.Build.0 = Debug|iPhoneSimulator
		{A9593895-1AA2-451D-8865-28DE0E2DFFB1}.Debug (Android)|Any CPU.ActiveCfg = Debug|iPhoneSimulator
		{A9593895-1AA2-451D-8865-28DE0E2DFFB1}.Debug (Android)|Any CPU.Build.0 = Debug|iPhoneSimulator
		{82D7BFC6-3F4A-405A-ABB6-D4C11432796B}.Ad-Hoc|Any CPU.ActiveCfg = Release (Android)|Any CPU
		{82D7BFC6-3F4A-405A-ABB6-D4C11432796B}.Ad-Hoc|Any CPU.Build.0 = Release (Android)|Any CPU
		{82D7BFC6-3F4A-405A-ABB6-D4C11432796B}.Ad-Hoc|iPhone.ActiveCfg = Release (Android)|Any CPU
		{82D7BFC6-3F4A-405A-ABB6-D4C11432796B}.Ad-Hoc|iPhone.Build.0 = Release (Android)|Any CPU
		{82D7BFC6-3F4A-405A-ABB6-D4C11432796B}.Ad-Hoc|iPhoneSimulator.ActiveCfg = Release (Android)|Any CPU
		{82D7BFC6-3F4A-405A-ABB6-D4C11432796B}.Ad-Hoc|iPhoneSimulator.Build.0 = Release (Android)|Any CPU
		{82D7BFC6-3F4A-405A-ABB6-D4C11432796B}.AppStore|Any CPU.ActiveCfg = Release (Android)|Any CPU
		{82D7BFC6-3F4A-405A-ABB6-D4C11432796B}.AppStore|Any CPU.Build.0 = Release (Android)|Any CPU
		{82D7BFC6-3F4A-405A-ABB6-D4C11432796B}.AppStore|iPhone.ActiveCfg = Release (Android)|Any CPU
		{82D7BFC6-3F4A-405A-ABB6-D4C11432796B}.AppStore|iPhone.Build.0 = Release (Android)|Any CPU
		{82D7BFC6-3F4A-405A-ABB6-D4C11432796B}.AppStore|iPhoneSimulator.ActiveCfg = Release (Android)|Any CPU
		{82D7BFC6-3F4A-405A-ABB6-D4C11432796B}.AppStore|iPhoneSimulator.Build.0 = Release (Android)|Any CPU
		{82D7BFC6-3F4A-405A-ABB6-D4C11432796B}.Debug|Any CPU.ActiveCfg = Debug|Any CPU
		{82D7BFC6-3F4A-405A-ABB6-D4C11432796B}.Debug|Any CPU.Build.0 = Debug|Any CPU
		{82D7BFC6-3F4A-405A-ABB6-D4C11432796B}.Debug|iPhone.ActiveCfg = Debug|Any CPU
		{82D7BFC6-3F4A-405A-ABB6-D4C11432796B}.Debug|iPhone.Build.0 = Debug|Any CPU
		{82D7BFC6-3F4A-405A-ABB6-D4C11432796B}.Debug|iPhoneSimulator.ActiveCfg = Debug|Any CPU
		{82D7BFC6-3F4A-405A-ABB6-D4C11432796B}.Debug|iPhoneSimulator.Build.0 = Debug|Any CPU
		{82D7BFC6-3F4A-405A-ABB6-D4C11432796B}.Release|Any CPU.ActiveCfg = Release|Any CPU
		{82D7BFC6-3F4A-405A-ABB6-D4C11432796B}.Release|Any CPU.Build.0 = Release|Any CPU
		{82D7BFC6-3F4A-405A-ABB6-D4C11432796B}.Release|iPhone.ActiveCfg = Release|Any CPU
		{82D7BFC6-3F4A-405A-ABB6-D4C11432796B}.Release|iPhone.Build.0 = Release|Any CPU
		{82D7BFC6-3F4A-405A-ABB6-D4C11432796B}.Release|iPhoneSimulator.ActiveCfg = Release|Any CPU
		{82D7BFC6-3F4A-405A-ABB6-D4C11432796B}.Release|iPhoneSimulator.Build.0 = Release|Any CPU
		{82D7BFC6-3F4A-405A-ABB6-D4C11432796B}.Release (Android)|Any CPU.ActiveCfg = Release (Android)|Any CPU
		{82D7BFC6-3F4A-405A-ABB6-D4C11432796B}.Release (Android)|Any CPU.Build.0 = Release (Android)|Any CPU
		{82D7BFC6-3F4A-405A-ABB6-D4C11432796B}.Debug (Android)|Any CPU.ActiveCfg = Debug (Android)|Any CPU
		{82D7BFC6-3F4A-405A-ABB6-D4C11432796B}.Debug (Android)|Any CPU.Build.0 = Debug (Android)|Any CPU
	EndGlobalSection
	GlobalSection(SolutionProperties) = preSolution
		HideSolutionNode = FALSE
	EndGlobalSection
	GlobalSection(ExtensibilityGlobals) = postSolution
		SolutionGuid = {7A0562B5-C8C6-4F8F-92F7-61077E41D419}
	EndGlobalSection
EndGlobal
