
Microsoft Visual Studio Solution File, Format Version 12.00
# Visual Studio Version 16
VisualStudioVersion = 16.0.29201.188
MinimumVisualStudioVersion = 10.0.40219.1
Project("{9A19103F-16F7-4668-BE54-9A1E7A4F7556}") = "ToolsPortable", "portablelibraries\ToolsPortable\ToolsPortable\ToolsPortable.csproj", "{175ABC4A-4F7B-4CDB-AF1A-9CBF67A0601C}"
EndProject
Project("{FAE04EC0-301F-11D3-BF4B-00C04F79EFBC}") = "PowerPlannerAndroid", "PowerPlannerAndroid\PowerPlannerAndroid.csproj", "{ABBD34C7-DE94-44FF-BCBC-C7AE9AA99543}"
EndProject
Project("{9A19103F-16F7-4668-BE54-9A1E7A4F7556}") = "PowerPlannerSending", "shared\PowerPlannerSending\PowerPlannerSending\PowerPlannerSending.csproj", "{B6BD41B2-8886-4E5F-AEA4-4DB5242A2045}"
EndProject
Project("{9A19103F-16F7-4668-BE54-9A1E7A4F7556}") = "Vx", "Vx\Vx.csproj", "{B08C2D9C-8ABF-488F-A44D-7ECF5ECCFA08}"
EndProject
Project("{FAE04EC0-301F-11D3-BF4B-00C04F79EFBC}") = "Vx.Droid", "Vx.Droid\Vx.Droid.csproj", "{A6C20220-69C5-48F7-92CB-9AC9C6AC27DE}"
EndProject
Project("{9A19103F-16F7-4668-BE54-9A1E7A4F7556}") = "PowerPlanner", "PowerPlannerAppDataLibrary\PowerPlanner.csproj", "{AE4DA863-1CC8-4124-B5E1-8202FA937947}"
EndProject
Global
	GlobalSection(SolutionConfigurationPlatforms) = preSolution
		Debug (Android)|Any CPU = Debug (Android)|Any CPU
		Debug|Any CPU = Debug|Any CPU
		Release (Android)|Any CPU = Release (Android)|Any CPU
		Release|Any CPU = Release|Any CPU
	EndGlobalSection
	GlobalSection(ProjectConfigurationPlatforms) = postSolution
		{175ABC4A-4F7B-4CDB-AF1A-9CBF67A0601C}.Debug (Android)|Any CPU.ActiveCfg = Debug (Android)|Any CPU
		{175ABC4A-4F7B-4CDB-AF1A-9CBF67A0601C}.Debug (Android)|Any CPU.Build.0 = Debug (Android)|Any CPU
		{175ABC4A-4F7B-4CDB-AF1A-9CBF67A0601C}.Debug|Any CPU.ActiveCfg = Debug|Any CPU
		{175ABC4A-4F7B-4CDB-AF1A-9CBF67A0601C}.Debug|Any CPU.Build.0 = Debug|Any CPU
		{175ABC4A-4F7B-4CDB-AF1A-9CBF67A0601C}.Release (Android)|Any CPU.ActiveCfg = Release (Android)|Any CPU
		{175ABC4A-4F7B-4CDB-AF1A-9CBF67A0601C}.Release (Android)|Any CPU.Build.0 = Release (Android)|Any CPU
		{175ABC4A-4F7B-4CDB-AF1A-9CBF67A0601C}.Release|Any CPU.ActiveCfg = Release (Android)|Any CPU
		{175ABC4A-4F7B-4CDB-AF1A-9CBF67A0601C}.Release|Any CPU.Build.0 = Release (Android)|Any CPU
		{ABBD34C7-DE94-44FF-BCBC-C7AE9AA99543}.Debug (Android)|Any CPU.ActiveCfg = Debug|Any CPU
		{ABBD34C7-DE94-44FF-BCBC-C7AE9AA99543}.Debug (Android)|Any CPU.Build.0 = Debug|Any CPU
		{ABBD34C7-DE94-44FF-BCBC-C7AE9AA99543}.Debug (Android)|Any CPU.Deploy.0 = Debug|Any CPU
		{ABBD34C7-DE94-44FF-BCBC-C7AE9AA99543}.Debug|Any CPU.ActiveCfg = Debug|Any CPU
		{ABBD34C7-DE94-44FF-BCBC-C7AE9AA99543}.Debug|Any CPU.Build.0 = Debug|Any CPU
		{ABBD34C7-DE94-44FF-BCBC-C7AE9AA99543}.Debug|Any CPU.Deploy.0 = Debug|Any CPU
		{ABBD34C7-DE94-44FF-BCBC-C7AE9AA99543}.Release (Android)|Any CPU.ActiveCfg = Release|Any CPU
		{ABBD34C7-DE94-44FF-BCBC-C7AE9AA99543}.Release (Android)|Any CPU.Build.0 = Release|Any CPU
		{ABBD34C7-DE94-44FF-BCBC-C7AE9AA99543}.Release (Android)|Any CPU.Deploy.0 = Release|Any CPU
		{ABBD34C7-DE94-44FF-BCBC-C7AE9AA99543}.Release|Any CPU.ActiveCfg = Release|Any CPU
		{ABBD34C7-DE94-44FF-BCBC-C7AE9AA99543}.Release|Any CPU.Build.0 = Release|Any CPU
		{ABBD34C7-DE94-44FF-BCBC-C7AE9AA99543}.Release|Any CPU.Deploy.0 = Release|Any CPU
		{B6BD41B2-8886-4E5F-AEA4-4DB5242A2045}.Debug (Android)|Any CPU.ActiveCfg = Debug|Any CPU
		{B6BD41B2-8886-4E5F-AEA4-4DB5242A2045}.Debug (Android)|Any CPU.Build.0 = Debug|Any CPU
		{B6BD41B2-8886-4E5F-AEA4-4DB5242A2045}.Debug|Any CPU.ActiveCfg = Debug|Any CPU
		{B6BD41B2-8886-4E5F-AEA4-4DB5242A2045}.Debug|Any CPU.Build.0 = Debug|Any CPU
		{B6BD41B2-8886-4E5F-AEA4-4DB5242A2045}.Release (Android)|Any CPU.ActiveCfg = Release|Any CPU
		{B6BD41B2-8886-4E5F-AEA4-4DB5242A2045}.Release (Android)|Any CPU.Build.0 = Release|Any CPU
		{B6BD41B2-8886-4E5F-AEA4-4DB5242A2045}.Release|Any CPU.ActiveCfg = Release|Any CPU
		{B6BD41B2-8886-4E5F-AEA4-4DB5242A2045}.Release|Any CPU.Build.0 = Release|Any CPU
		{B08C2D9C-8ABF-488F-A44D-7ECF5ECCFA08}.Debug (Android)|Any CPU.ActiveCfg = Debug|Any CPU
		{B08C2D9C-8ABF-488F-A44D-7ECF5ECCFA08}.Debug (Android)|Any CPU.Build.0 = Debug|Any CPU
		{B08C2D9C-8ABF-488F-A44D-7ECF5ECCFA08}.Debug|Any CPU.ActiveCfg = Debug|Any CPU
		{B08C2D9C-8ABF-488F-A44D-7ECF5ECCFA08}.Debug|Any CPU.Build.0 = Debug|Any CPU
		{B08C2D9C-8ABF-488F-A44D-7ECF5ECCFA08}.Release (Android)|Any CPU.ActiveCfg = Release|Any CPU
		{B08C2D9C-8ABF-488F-A44D-7ECF5ECCFA08}.Release (Android)|Any CPU.Build.0 = Release|Any CPU
		{B08C2D9C-8ABF-488F-A44D-7ECF5ECCFA08}.Release|Any CPU.ActiveCfg = Release|Any CPU
		{B08C2D9C-8ABF-488F-A44D-7ECF5ECCFA08}.Release|Any CPU.Build.0 = Release|Any CPU
		{A6C20220-69C5-48F7-92CB-9AC9C6AC27DE}.Debug (Android)|Any CPU.ActiveCfg = Debug|Any CPU
		{A6C20220-69C5-48F7-92CB-9AC9C6AC27DE}.Debug (Android)|Any CPU.Build.0 = Debug|Any CPU
		{A6C20220-69C5-48F7-92CB-9AC9C6AC27DE}.Debug|Any CPU.ActiveCfg = Debug|Any CPU
		{A6C20220-69C5-48F7-92CB-9AC9C6AC27DE}.Debug|Any CPU.Build.0 = Debug|Any CPU
		{A6C20220-69C5-48F7-92CB-9AC9C6AC27DE}.Release (Android)|Any CPU.ActiveCfg = Release|Any CPU
		{A6C20220-69C5-48F7-92CB-9AC9C6AC27DE}.Release (Android)|Any CPU.Build.0 = Release|Any CPU
		{A6C20220-69C5-48F7-92CB-9AC9C6AC27DE}.Release|Any CPU.ActiveCfg = Release|Any CPU
		{A6C20220-69C5-48F7-92CB-9AC9C6AC27DE}.Release|Any CPU.Build.0 = Release|Any CPU
		{AE4DA863-1CC8-4124-B5E1-8202FA937947}.Debug (Android)|Any CPU.ActiveCfg = Debug (Android)|Any CPU
		{AE4DA863-1CC8-4124-B5E1-8202FA937947}.Debug (Android)|Any CPU.Build.0 = Debug (Android)|Any CPU
		{AE4DA863-1CC8-4124-B5E1-8202FA937947}.Debug|Any CPU.ActiveCfg = Debug|Any CPU
		{AE4DA863-1CC8-4124-B5E1-8202FA937947}.Debug|Any CPU.Build.0 = Debug|Any CPU
		{AE4DA863-1CC8-4124-B5E1-8202FA937947}.Release (Android)|Any CPU.ActiveCfg = Release (Android)|Any CPU
		{AE4DA863-1CC8-4124-B5E1-8202FA937947}.Release (Android)|Any CPU.Build.0 = Release (Android)|Any CPU
		{AE4DA863-1CC8-4124-B5E1-8202FA937947}.Release|Any CPU.ActiveCfg = Release|Any CPU
		{AE4DA863-1CC8-4124-B5E1-8202FA937947}.Release|Any CPU.Build.0 = Release|Any CPU
	EndGlobalSection
	GlobalSection(SolutionProperties) = preSolution
		HideSolutionNode = FALSE
	EndGlobalSection
	GlobalSection(ExtensibilityGlobals) = postSolution
		SolutionGuid = {DBFB10F1-4CBB-45EB-99B0-F9C472ABB303}
	EndGlobalSection
EndGlobal
