// !$*UTF8*$!
{
	archiveVersion = 1;
	classes = {
	};
	objectVersion = 50;
	objects = {

/* Begin PBXBuildFile section */
		429AB18E24ABA3E400D106F0 /* AppDelegate.swift in Sources */ = {isa = PBXBuildFile; fileRef = 429AB18D24ABA3E400D106F0 /* AppDelegate.swift */; };
		429AB19024ABA3E400D106F0 /* SceneDelegate.swift in Sources */ = {isa = PBXBuildFile; fileRef = 429AB18F24ABA3E400D106F0 /* SceneDelegate.swift */; };
		429AB19224ABA3E400D106F0 /* ContentView.swift in Sources */ = {isa = PBXBuildFile; fileRef = 429AB19124ABA3E400D106F0 /* ContentView.swift */; };
		429AB19424ABA3E600D106F0 /* Assets.xcassets in Resources */ = {isa = PBXBuildFile; fileRef = 429AB19324ABA3E600D106F0 /* Assets.xcassets */; };
		429AB19724ABA3E600D106F0 /* Preview Assets.xcassets in Resources */ = {isa = PBXBuildFile; fileRef = 429AB19624ABA3E600D106F0 /* Preview Assets.xcassets */; };
		429AB19A24ABA3E600D106F0 /* LaunchScreen.storyboard in Resources */ = {isa = PBXBuildFile; fileRef = 429AB19824ABA3E600D106F0 /* LaunchScreen.storyboard */; };
		429AB1C424ABA40600D106F0 /* WidgetKit.framework in Frameworks */ = {isa = PBXBuildFile; fileRef = 429AB1C324ABA40600D106F0 /* WidgetKit.framework */; };
		429AB1C624ABA40600D106F0 /* SwiftUI.framework in Frameworks */ = {isa = PBXBuildFile; fileRef = 429AB1C524ABA40600D106F0 /* SwiftUI.framework */; };
		429AB1C924ABA40600D106F0 /* NativeWidget.swift in Sources */ = {isa = PBXBuildFile; fileRef = 429AB1C824ABA40600D106F0 /* NativeWidget.swift */; };
		429AB1CC24ABA40600D106F0 /* Assets.xcassets in Resources */ = {isa = PBXBuildFile; fileRef = 429AB1CB24ABA40600D106F0 /* Assets.xcassets */; };
		429AB1CF24ABA40600D106F0 /* NativeWidget.intentdefinition in Sources */ = {isa = PBXBuildFile; fileRef = 429AB1CA24ABA40600D106F0 /* NativeWidget.intentdefinition */; };
		429AB1D224ABA40600D106F0 /* NativeWidgetExtension.appex in Embed Foundation Extensions */ = {isa = PBXBuildFile; fileRef = 429AB1C124ABA40600D106F0 /* NativeWidgetExtension.appex */; settings = {ATTRIBUTES = (RemoveHeadersOnCopy, ); }; };
		429AB22F24ABA5F400D106F0 /* NativeWidget.intentdefinition in Sources */ = {isa = PBXBuildFile; fileRef = 429AB1CA24ABA40600D106F0 /* NativeWidget.intentdefinition */; };
		429AB23224AD036100D106F0 /* TestDataReader.swift in Sources */ = {isa = PBXBuildFile; fileRef = 429AB23024AD035E00D106F0 /* TestDataReader.swift */; };
		530139DA2C6BBA0000A77560 /* DataReader.swift in Sources */ = {isa = PBXBuildFile; fileRef = 530139D92C6BBA0000A77560 /* DataReader.swift */; };
/* End PBXBuildFile section */

/* Begin PBXContainerItemProxy section */
		429AB1D024ABA40600D106F0 /* PBXContainerItemProxy */ = {
			isa = PBXContainerItemProxy;
			containerPortal = 429AB18224ABA3E400D106F0 /* Project object */;
			proxyType = 1;
			remoteGlobalIDString = 429AB1C024ABA40600D106F0;
			remoteInfo = NativeWidgetExtension;
		};
/* End PBXContainerItemProxy section */

/* Begin PBXCopyFilesBuildPhase section */
		429AB1D624ABA40700D106F0 /* Embed Foundation Extensions */ = {
			isa = PBXCopyFilesBuildPhase;
			buildActionMask = 2147483647;
			dstPath = "";
			dstSubfolderSpec = 13;
			files = (
				429AB1D224ABA40600D106F0 /* NativeWidgetExtension.appex in Embed Foundation Extensions */,
			);
			name = "Embed Foundation Extensions";
			runOnlyForDeploymentPostprocessing = 0;
		};
/* End PBXCopyFilesBuildPhase section */

/* Begin PBXFileReference section */
		429AB18A24ABA3E400D106F0 /* NativeApp.app */ = {isa = PBXFileReference; explicitFileType = wrapper.application; includeInIndex = 0; path = NativeApp.app; sourceTree = BUILT_PRODUCTS_DIR; };
		429AB18D24ABA3E400D106F0 /* AppDelegate.swift */ = {isa = PBXFileReference; lastKnownFileType = sourcecode.swift; path = AppDelegate.swift; sourceTree = "<group>"; };
		429AB18F24ABA3E400D106F0 /* SceneDelegate.swift */ = {isa = PBXFileReference; lastKnownFileType = sourcecode.swift; path = SceneDelegate.swift; sourceTree = "<group>"; };
		429AB19124ABA3E400D106F0 /* ContentView.swift */ = {isa = PBXFileReference; lastKnownFileType = sourcecode.swift; path = ContentView.swift; sourceTree = "<group>"; };
		429AB19324ABA3E600D106F0 /* Assets.xcassets */ = {isa = PBXFileReference; lastKnownFileType = folder.assetcatalog; path = Assets.xcassets; sourceTree = "<group>"; };
		429AB19624ABA3E600D106F0 /* Preview Assets.xcassets */ = {isa = PBXFileReference; lastKnownFileType = folder.assetcatalog; path = "Preview Assets.xcassets"; sourceTree = "<group>"; };
		429AB19924ABA3E600D106F0 /* Base */ = {isa = PBXFileReference; lastKnownFileType = file.storyboard; name = Base; path = Base.lproj/LaunchScreen.storyboard; sourceTree = "<group>"; };
		429AB19B24ABA3E600D106F0 /* Info.plist */ = {isa = PBXFileReference; lastKnownFileType = text.plist.xml; path = Info.plist; sourceTree = "<group>"; };
		429AB1C124ABA40600D106F0 /* NativeWidgetExtension.appex */ = {isa = PBXFileReference; explicitFileType = "wrapper.app-extension"; includeInIndex = 0; path = NativeWidgetExtension.appex; sourceTree = BUILT_PRODUCTS_DIR; };
		429AB1C324ABA40600D106F0 /* WidgetKit.framework */ = {isa = PBXFileReference; lastKnownFileType = wrapper.framework; name = WidgetKit.framework; path = System/Library/Frameworks/WidgetKit.framework; sourceTree = SDKROOT; };
		429AB1C524ABA40600D106F0 /* SwiftUI.framework */ = {isa = PBXFileReference; lastKnownFileType = wrapper.framework; name = SwiftUI.framework; path = System/Library/Frameworks/SwiftUI.framework; sourceTree = SDKROOT; };
		429AB1C824ABA40600D106F0 /* NativeWidget.swift */ = {isa = PBXFileReference; lastKnownFileType = sourcecode.swift; path = NativeWidget.swift; sourceTree = "<group>"; };
		429AB1CA24ABA40600D106F0 /* NativeWidget.intentdefinition */ = {isa = PBXFileReference; lastKnownFileType = file.intentdefinition; path = NativeWidget.intentdefinition; sourceTree = "<group>"; };
		429AB1CB24ABA40600D106F0 /* Assets.xcassets */ = {isa = PBXFileReference; lastKnownFileType = folder.assetcatalog; path = Assets.xcassets; sourceTree = "<group>"; };
		429AB1CD24ABA40600D106F0 /* Info.plist */ = {isa = PBXFileReference; lastKnownFileType = text.plist.xml; path = Info.plist; sourceTree = "<group>"; };
		429AB23024AD035E00D106F0 /* TestDataReader.swift */ = {isa = PBXFileReference; lastKnownFileType = sourcecode.swift; path = TestDataReader.swift; sourceTree = "<group>"; };
		429AB23324AD123100D106F0 /* NativeWidgetExtension.entitlements */ = {isa = PBXFileReference; lastKnownFileType = text.plist.entitlements; path = NativeWidgetExtension.entitlements; sourceTree = "<group>"; };
		429AB23424AD128800D106F0 /* NativeApp.entitlements */ = {isa = PBXFileReference; lastKnownFileType = text.plist.entitlements; path = NativeApp.entitlements; sourceTree = "<group>"; };
		530139D92C6BBA0000A77560 /* DataReader.swift */ = {isa = PBXFileReference; fileEncoding = 4; lastKnownFileType = sourcecode.swift; path = DataReader.swift; sourceTree = "<group>"; };
/* End PBXFileReference section */

/* Begin PBXFrameworksBuildPhase section */
		429AB18724ABA3E400D106F0 /* Frameworks */ = {
			isa = PBXFrameworksBuildPhase;
			buildActionMask = 2147483647;
			files = (
			);
			runOnlyForDeploymentPostprocessing = 0;
		};
		429AB1BE24ABA40600D106F0 /* Frameworks */ = {
			isa = PBXFrameworksBuildPhase;
			buildActionMask = 2147483647;
			files = (
				429AB1C624ABA40600D106F0 /* SwiftUI.framework in Frameworks */,
				429AB1C424ABA40600D106F0 /* WidgetKit.framework in Frameworks */,
			);
			runOnlyForDeploymentPostprocessing = 0;
		};
/* End PBXFrameworksBuildPhase section */

/* Begin PBXGroup section */
		429AB18124ABA3E400D106F0 = {
			isa = PBXGroup;
			children = (
				429AB23324AD123100D106F0 /* NativeWidgetExtension.entitlements */,
				429AB18C24ABA3E400D106F0 /* NativeApp */,
				429AB1C724ABA40600D106F0 /* NativeWidget */,
				429AB1C224ABA40600D106F0 /* Frameworks */,
				429AB18B24ABA3E400D106F0 /* Products */,
			);
			sourceTree = "<group>";
		};
		429AB18B24ABA3E400D106F0 /* Products */ = {
			isa = PBXGroup;
			children = (
				429AB18A24ABA3E400D106F0 /* NativeApp.app */,
				429AB1C124ABA40600D106F0 /* NativeWidgetExtension.appex */,
			);
			name = Products;
			sourceTree = "<group>";
		};
		429AB18C24ABA3E400D106F0 /* NativeApp */ = {
			isa = PBXGroup;
			children = (
				429AB23424AD128800D106F0 /* NativeApp.entitlements */,
				429AB18D24ABA3E400D106F0 /* AppDelegate.swift */,
				429AB18F24ABA3E400D106F0 /* SceneDelegate.swift */,
				429AB19124ABA3E400D106F0 /* ContentView.swift */,
				429AB19324ABA3E600D106F0 /* Assets.xcassets */,
				429AB19824ABA3E600D106F0 /* LaunchScreen.storyboard */,
				429AB19B24ABA3E600D106F0 /* Info.plist */,
				429AB19524ABA3E600D106F0 /* Preview Content */,
			);
			path = NativeApp;
			sourceTree = "<group>";
		};
		429AB19524ABA3E600D106F0 /* Preview Content */ = {
			isa = PBXGroup;
			children = (
				429AB19624ABA3E600D106F0 /* Preview Assets.xcassets */,
			);
			path = "Preview Content";
			sourceTree = "<group>";
		};
		429AB1C224ABA40600D106F0 /* Frameworks */ = {
			isa = PBXGroup;
			children = (
				429AB1C324ABA40600D106F0 /* WidgetKit.framework */,
				429AB1C524ABA40600D106F0 /* SwiftUI.framework */,
			);
			name = Frameworks;
			sourceTree = "<group>";
		};
		429AB1C724ABA40600D106F0 /* NativeWidget */ = {
			isa = PBXGroup;
			children = (
				530139D92C6BBA0000A77560 /* DataReader.swift */,
				429AB1C824ABA40600D106F0 /* NativeWidget.swift */,
				429AB1CA24ABA40600D106F0 /* NativeWidget.intentdefinition */,
				429AB1CB24ABA40600D106F0 /* Assets.xcassets */,
				429AB1CD24ABA40600D106F0 /* Info.plist */,
				429AB23024AD035E00D106F0 /* TestDataReader.swift */,
			);
			path = NativeWidget;
			sourceTree = "<group>";
		};
/* End PBXGroup section */

/* Begin PBXNativeTarget section */
		429AB18924ABA3E400D106F0 /* NativeApp */ = {
			isa = PBXNativeTarget;
			buildConfigurationList = 429AB1B424ABA3E600D106F0 /* Build configuration list for PBXNativeTarget "NativeApp" */;
			buildPhases = (
				429AB18624ABA3E400D106F0 /* Sources */,
				429AB18724ABA3E400D106F0 /* Frameworks */,
				429AB18824ABA3E400D106F0 /* Resources */,
				429AB1D624ABA40700D106F0 /* Embed Foundation Extensions */,
			);
			buildRules = (
			);
			dependencies = (
				429AB1D124ABA40600D106F0 /* PBXTargetDependency */,
			);
			name = NativeApp;
			productName = NativeApp;
			productReference = 429AB18A24ABA3E400D106F0 /* NativeApp.app */;
			productType = "com.apple.product-type.application";
		};
		429AB1C024ABA40600D106F0 /* NativeWidgetExtension */ = {
			isa = PBXNativeTarget;
			buildConfigurationList = 429AB1D324ABA40700D106F0 /* Build configuration list for PBXNativeTarget "NativeWidgetExtension" */;
			buildPhases = (
				429AB1BD24ABA40600D106F0 /* Sources */,
				429AB1BE24ABA40600D106F0 /* Frameworks */,
				429AB1BF24ABA40600D106F0 /* Resources */,
			);
			buildRules = (
			);
			dependencies = (
			);
			name = NativeWidgetExtension;
			productName = NativeWidgetExtension;
			productReference = 429AB1C124ABA40600D106F0 /* NativeWidgetExtension.appex */;
			productType = "com.apple.product-type.app-extension";
		};
/* End PBXNativeTarget section */

/* Begin PBXProject section */
		429AB18224ABA3E400D106F0 /* Project object */ = {
			isa = PBXProject;
			attributes = {
				LastSwiftUpdateCheck = 1200;
				LastUpgradeCheck = 1400;
				TargetAttributes = {
					429AB18924ABA3E400D106F0 = {
						CreatedOnToolsVersion = 12.0;
					};
					429AB1C024ABA40600D106F0 = {
						CreatedOnToolsVersion = 12.0;
					};
				};
			};
			buildConfigurationList = 429AB18524ABA3E400D106F0 /* Build configuration list for PBXProject "NativeApp" */;
			compatibilityVersion = "Xcode 9.3";
			developmentRegion = en;
			hasScannedForEncodings = 0;
			knownRegions = (
				en,
				Base,
			);
			mainGroup = 429AB18124ABA3E400D106F0;
			productRefGroup = 429AB18B24ABA3E400D106F0 /* Products */;
			projectDirPath = "";
			projectRoot = "";
			targets = (
				429AB18924ABA3E400D106F0 /* NativeApp */,
				429AB1C024ABA40600D106F0 /* NativeWidgetExtension */,
			);
		};
/* End PBXProject section */

/* Begin PBXResourcesBuildPhase section */
		429AB18824ABA3E400D106F0 /* Resources */ = {
			isa = PBXResourcesBuildPhase;
			buildActionMask = 2147483647;
			files = (
				429AB19A24ABA3E600D106F0 /* LaunchScreen.storyboard in Resources */,
				429AB19724ABA3E600D106F0 /* Preview Assets.xcassets in Resources */,
				429AB19424ABA3E600D106F0 /* Assets.xcassets in Resources */,
			);
			runOnlyForDeploymentPostprocessing = 0;
		};
		429AB1BF24ABA40600D106F0 /* Resources */ = {
			isa = PBXResourcesBuildPhase;
			buildActionMask = 2147483647;
			files = (
				429AB1CC24ABA40600D106F0 /* Assets.xcassets in Resources */,
			);
			runOnlyForDeploymentPostprocessing = 0;
		};
/* End PBXResourcesBuildPhase section */

/* Begin PBXSourcesBuildPhase section */
		429AB18624ABA3E400D106F0 /* Sources */ = {
			isa = PBXSourcesBuildPhase;
			buildActionMask = 2147483647;
			files = (
				429AB18E24ABA3E400D106F0 /* AppDelegate.swift in Sources */,
				429AB1CF24ABA40600D106F0 /* NativeWidget.intentdefinition in Sources */,
				429AB19024ABA3E400D106F0 /* SceneDelegate.swift in Sources */,
				429AB19224ABA3E400D106F0 /* ContentView.swift in Sources */,
			);
			runOnlyForDeploymentPostprocessing = 0;
		};
		429AB1BD24ABA40600D106F0 /* Sources */ = {
			isa = PBXSourcesBuildPhase;
			buildActionMask = 2147483647;
			files = (
				530139DA2C6BBA0000A77560 /* DataReader.swift in Sources */,
				429AB1C924ABA40600D106F0 /* NativeWidget.swift in Sources */,
				429AB23224AD036100D106F0 /* TestDataReader.swift in Sources */,
				429AB22F24ABA5F400D106F0 /* NativeWidget.intentdefinition in Sources */,
			);
			runOnlyForDeploymentPostprocessing = 0;
		};
/* End PBXSourcesBuildPhase section */

/* Begin PBXTargetDependency section */
		429AB1D124ABA40600D106F0 /* PBXTargetDependency */ = {
			isa = PBXTargetDependency;
			target = 429AB1C024ABA40600D106F0 /* NativeWidgetExtension */;
			targetProxy = 429AB1D024ABA40600D106F0 /* PBXContainerItemProxy */;
		};
/* End PBXTargetDependency section */

/* Begin PBXVariantGroup section */
		429AB19824ABA3E600D106F0 /* LaunchScreen.storyboard */ = {
			isa = PBXVariantGroup;
			children = (
				429AB19924ABA3E600D106F0 /* Base */,
			);
			name = LaunchScreen.storyboard;
			sourceTree = "<group>";
		};
/* End PBXVariantGroup section */

/* Begin XCBuildConfiguration section */
		429AB1B224ABA3E600D106F0 /* Debug */ = {
			isa = XCBuildConfiguration;
			buildSettings = {
				ALWAYS_SEARCH_USER_PATHS = NO;
				CLANG_ANALYZER_NONNULL = YES;
				CLANG_ANALYZER_NUMBER_OBJECT_CONVERSION = YES_AGGRESSIVE;
				CLANG_CXX_LANGUAGE_STANDARD = "gnu++14";
				CLANG_CXX_LIBRARY = "libc++";
				CLANG_ENABLE_MODULES = YES;
				CLANG_ENABLE_OBJC_ARC = YES;
				CLANG_ENABLE_OBJC_WEAK = YES;
				CLANG_WARN_BLOCK_CAPTURE_AUTORELEASING = YES;
				CLANG_WARN_BOOL_CONVERSION = YES;
				CLANG_WARN_COMMA = YES;
				CLANG_WARN_CONSTANT_CONVERSION = YES;
				CLANG_WARN_DEPRECATED_OBJC_IMPLEMENTATIONS = YES;
				CLANG_WARN_DIRECT_OBJC_ISA_USAGE = YES_ERROR;
				CLANG_WARN_DOCUMENTATION_COMMENTS = YES;
				CLANG_WARN_EMPTY_BODY = YES;
				CLANG_WARN_ENUM_CONVERSION = YES;
				CLANG_WARN_INFINITE_RECURSION = YES;
				CLANG_WARN_INT_CONVERSION = YES;
				CLANG_WARN_NON_LITERAL_NULL_CONVERSION = YES;
				CLANG_WARN_OBJC_IMPLICIT_RETAIN_SELF = YES;
				CLANG_WARN_OBJC_LITERAL_CONVERSION = YES;
				CLANG_WARN_OBJC_ROOT_CLASS = YES_ERROR;
				CLANG_WARN_QUOTED_INCLUDE_IN_FRAMEWORK_HEADER = YES;
				CLANG_WARN_RANGE_LOOP_ANALYSIS = YES;
				CLANG_WARN_STRICT_PROTOTYPES = YES;
				CLANG_WARN_SUSPICIOUS_MOVE = YES;
				CLANG_WARN_UNGUARDED_AVAILABILITY = YES_AGGRESSIVE;
				CLANG_WARN_UNREACHABLE_CODE = YES;
				CLANG_WARN__DUPLICATE_METHOD_MATCH = YES;
				COPY_PHASE_STRIP = NO;
				DEBUG_INFORMATION_FORMAT = dwarf;
				ENABLE_STRICT_OBJC_MSGSEND = YES;
				ENABLE_TESTABILITY = YES;
				GCC_C_LANGUAGE_STANDARD = gnu11;
				GCC_DYNAMIC_NO_PIC = NO;
				GCC_NO_COMMON_BLOCKS = YES;
				GCC_OPTIMIZATION_LEVEL = 0;
				GCC_PREPROCESSOR_DEFINITIONS = (
					"DEBUG=1",
					"$(inherited)",
				);
				GCC_WARN_64_TO_32_BIT_CONVERSION = YES;
				GCC_WARN_ABOUT_RETURN_TYPE = YES_ERROR;
				GCC_WARN_UNDECLARED_SELECTOR = YES;
				GCC_WARN_UNINITIALIZED_AUTOS = YES_AGGRESSIVE;
				GCC_WARN_UNUSED_FUNCTION = YES;
				GCC_WARN_UNUSED_VARIABLE = YES;
				IPHONEOS_DEPLOYMENT_TARGET = 14.0;
				MTL_ENABLE_DEBUG_INFO = INCLUDE_SOURCE;
				MTL_FAST_MATH = YES;
				ONLY_ACTIVE_ARCH = YES;
				SDKROOT = iphoneos;
				SWIFT_ACTIVE_COMPILATION_CONDITIONS = DEBUG;
				SWIFT_OPTIMIZATION_LEVEL = "-Onone";
			};
			name = Debug;
		};
		429AB1B324ABA3E600D106F0 /* Release */ = {
			isa = XCBuildConfiguration;
			buildSettings = {
				ALWAYS_SEARCH_USER_PATHS = NO;
				CLANG_ANALYZER_NONNULL = YES;
				CLANG_ANALYZER_NUMBER_OBJECT_CONVERSION = YES_AGGRESSIVE;
				CLANG_CXX_LANGUAGE_STANDARD = "gnu++14";
				CLANG_CXX_LIBRARY = "libc++";
				CLANG_ENABLE_MODULES = YES;
				CLANG_ENABLE_OBJC_ARC = YES;
				CLANG_ENABLE_OBJC_WEAK = YES;
				CLANG_WARN_BLOCK_CAPTURE_AUTORELEASING = YES;
				CLANG_WARN_BOOL_CONVERSION = YES;
				CLANG_WARN_COMMA = YES;
				CLANG_WARN_CONSTANT_CONVERSION = YES;
				CLANG_WARN_DEPRECATED_OBJC_IMPLEMENTATIONS = YES;
				CLANG_WARN_DIRECT_OBJC_ISA_USAGE = YES_ERROR;
				CLANG_WARN_DOCUMENTATION_COMMENTS = YES;
				CLANG_WARN_EMPTY_BODY = YES;
				CLANG_WARN_ENUM_CONVERSION = YES;
				CLANG_WARN_INFINITE_RECURSION = YES;
				CLANG_WARN_INT_CONVERSION = YES;
				CLANG_WARN_NON_LITERAL_NULL_CONVERSION = YES;
				CLANG_WARN_OBJC_IMPLICIT_RETAIN_SELF = YES;
				CLANG_WARN_OBJC_LITERAL_CONVERSION = YES;
				CLANG_WARN_OBJC_ROOT_CLASS = YES_ERROR;
				CLANG_WARN_QUOTED_INCLUDE_IN_FRAMEWORK_HEADER = YES;
				CLANG_WARN_RANGE_LOOP_ANALYSIS = YES;
				CLANG_WARN_STRICT_PROTOTYPES = YES;
				CLANG_WARN_SUSPICIOUS_MOVE = YES;
				CLANG_WARN_UNGUARDED_AVAILABILITY = YES_AGGRESSIVE;
				CLANG_WARN_UNREACHABLE_CODE = YES;
				CLANG_WARN__DUPLICATE_METHOD_MATCH = YES;
				COPY_PHASE_STRIP = NO;
				DEBUG_INFORMATION_FORMAT = "dwarf-with-dsym";
				ENABLE_NS_ASSERTIONS = NO;
				ENABLE_STRICT_OBJC_MSGSEND = YES;
				GCC_C_LANGUAGE_STANDARD = gnu11;
				GCC_NO_COMMON_BLOCKS = YES;
				GCC_WARN_64_TO_32_BIT_CONVERSION = YES;
				GCC_WARN_ABOUT_RETURN_TYPE = YES_ERROR;
				GCC_WARN_UNDECLARED_SELECTOR = YES;
				GCC_WARN_UNINITIALIZED_AUTOS = YES_AGGRESSIVE;
				GCC_WARN_UNUSED_FUNCTION = YES;
				GCC_WARN_UNUSED_VARIABLE = YES;
				IPHONEOS_DEPLOYMENT_TARGET = 14.0;
				MTL_ENABLE_DEBUG_INFO = NO;
				MTL_FAST_MATH = YES;
				SDKROOT = iphoneos;
				SWIFT_COMPILATION_MODE = wholemodule;
				SWIFT_OPTIMIZATION_LEVEL = "-O";
				VALIDATE_PRODUCT = YES;
			};
			name = Release;
		};
		429AB1B524ABA3E600D106F0 /* Debug */ = {
			isa = XCBuildConfiguration;
			buildSettings = {
				ALWAYS_EMBED_SWIFT_STANDARD_LIBRARIES = YES;
				ASSETCATALOG_COMPILER_APPICON_NAME = AppIcon;
				ASSETCATALOG_COMPILER_GLOBAL_ACCENT_COLOR_NAME = AccentColor;
				CODE_SIGN_ENTITLEMENTS = NativeApp/NativeApp.entitlements;
				CODE_SIGN_STYLE = Automatic;
				DEVELOPMENT_ASSET_PATHS = "\"NativeApp/Preview Content\"";
				DEVELOPMENT_TEAM = VAA25J7DNH;
				ENABLE_PREVIEWS = YES;
				INFOPLIST_FILE = NativeApp/Info.plist;
				LD_RUNPATH_SEARCH_PATHS = (
					"$(inherited)",
					"@executable_path/Frameworks",
				);
				PRODUCT_BUNDLE_IDENTIFIER = com.barebonesdev.powerplanner;
				PRODUCT_NAME = "$(TARGET_NAME)";
				SWIFT_VERSION = 5.0;
				TARGETED_DEVICE_FAMILY = "1,2";
			};
			name = Debug;
		};
		429AB1B624ABA3E600D106F0 /* Release */ = {
			isa = XCBuildConfiguration;
			buildSettings = {
				ALWAYS_EMBED_SWIFT_STANDARD_LIBRARIES = YES;
				ASSETCATALOG_COMPILER_APPICON_NAME = AppIcon;
				ASSETCATALOG_COMPILER_GLOBAL_ACCENT_COLOR_NAME = AccentColor;
				CODE_SIGN_ENTITLEMENTS = NativeApp/NativeApp.entitlements;
				CODE_SIGN_STYLE = Automatic;
				DEVELOPMENT_ASSET_PATHS = "\"NativeApp/Preview Content\"";
				DEVELOPMENT_TEAM = VAA25J7DNH;
				ENABLE_PREVIEWS = YES;
				INFOPLIST_FILE = NativeApp/Info.plist;
				LD_RUNPATH_SEARCH_PATHS = (
					"$(inherited)",
					"@executable_path/Frameworks",
				);
				PRODUCT_BUNDLE_IDENTIFIER = com.barebonesdev.powerplanner;
				PRODUCT_NAME = "$(TARGET_NAME)";
				SWIFT_VERSION = 5.0;
				TARGETED_DEVICE_FAMILY = "1,2";
			};
			name = Release;
		};
		429AB1D424ABA40700D106F0 /* Debug */ = {
			isa = XCBuildConfiguration;
			buildSettings = {
				ASSETCATALOG_COMPILER_GLOBAL_ACCENT_COLOR_NAME = AccentColor;
				ASSETCATALOG_COMPILER_WIDGET_BACKGROUND_COLOR_NAME = WidgetBackground;
				CODE_SIGN_ENTITLEMENTS = NativeWidgetExtension.entitlements;
				CODE_SIGN_IDENTITY = "Apple Development";
				CODE_SIGN_STYLE = Automatic;
				DEVELOPMENT_TEAM = VAA25J7DNH;
				INFOPLIST_FILE = NativeWidget/Info.plist;
				LD_RUNPATH_SEARCH_PATHS = (
					"$(inherited)",
					"@executable_path/Frameworks",
					"@executable_path/../../Frameworks",
				);
				PRODUCT_BUNDLE_IDENTIFIER = com.barebonesdev.powerplanner.widget;
				PRODUCT_NAME = "$(TARGET_NAME)";
				PROVISIONING_PROFILE_SPECIFIER = "";
				SKIP_INSTALL = YES;
				SWIFT_VERSION = 5.0;
				TARGETED_DEVICE_FAMILY = "1,2";
			};
			name = Debug;
		};
		429AB1D524ABA40700D106F0 /* Release */ = {
			isa = XCBuildConfiguration;
			buildSettings = {
				ASSETCATALOG_COMPILER_GLOBAL_ACCENT_COLOR_NAME = AccentColor;
				ASSETCATALOG_COMPILER_WIDGET_BACKGROUND_COLOR_NAME = WidgetBackground;
				CODE_SIGN_ENTITLEMENTS = NativeWidgetExtension.entitlements;
				CODE_SIGN_IDENTITY = "Apple Development";
				CODE_SIGN_STYLE = Automatic;
				DEVELOPMENT_TEAM = VAA25J7DNH;
				INFOPLIST_FILE = NativeWidget/Info.plist;
				LD_RUNPATH_SEARCH_PATHS = (
					"$(inherited)",
					"@executable_path/Frameworks",
					"@executable_path/../../Frameworks",
				);
				PRODUCT_BUNDLE_IDENTIFIER = com.barebonesdev.powerplanner.widget;
				PRODUCT_NAME = "$(TARGET_NAME)";
				PROVISIONING_PROFILE_SPECIFIER = "";
				SKIP_INSTALL = YES;
				SWIFT_VERSION = 5.0;
				TARGETED_DEVICE_FAMILY = "1,2";
			};
			name = Release;
		};
/* End XCBuildConfiguration section */

/* Begin XCConfigurationList section */
		429AB18524ABA3E400D106F0 /* Build configuration list for PBXProject "NativeApp" */ = {
			isa = XCConfigurationList;
			buildConfigurations = (
				429AB1B224ABA3E600D106F0 /* Debug */,
				429AB1B324ABA3E600D106F0 /* Release */,
			);
			defaultConfigurationIsVisible = 0;
			defaultConfigurationName = Release;
		};
		429AB1B424ABA3E600D106F0 /* Build configuration list for PBXNativeTarget "NativeApp" */ = {
			isa = XCConfigurationList;
			buildConfigurations = (
				429AB1B524ABA3E600D106F0 /* Debug */,
				429AB1B624ABA3E600D106F0 /* Release */,
			);
			defaultConfigurationIsVisible = 0;
			defaultConfigurationName = Release;
		};
		429AB1D324ABA40700D106F0 /* Build configuration list for PBXNativeTarget "NativeWidgetExtension" */ = {
			isa = XCConfigurationList;
			buildConfigurations = (
				429AB1D424ABA40700D106F0 /* Debug */,
				429AB1D524ABA40700D106F0 /* Release */,
			);
			defaultConfigurationIsVisible = 0;
			defaultConfigurationName = Release;
		};
/* End XCConfigurationList section */
	};
	rootObject = 429AB18224ABA3E400D106F0 /* Project object */;
}
