
Microsoft Visual Studio Solution File, Format Version 12.00
# Visual Studio Version 16
VisualStudioVersion = 16.0.29209.62
MinimumVisualStudioVersion = 10.0.40219.1
Project("{9A19103F-16F7-4668-BE54-9A1E7A4F7556}") = "BareMvvm.Core", "BareMvvm.Core\BareMvvm.Core.csproj", "{AB6AC1B2-91FB-4EFB-B601-A795FBAB4575}"
EndProject
Project("{9A19103F-16F7-4668-BE54-9A1E7A4F7556}") = "ToolsPortable", "..\ToolsPortable\ToolsPortable\ToolsPortable.csproj", "{175ABC4A-4F7B-4CDB-AF1A-9CBF67A0601C}"
EndProject
Project("{FAE04EC0-301F-11D3-BF4B-00C04F79EFBC}") = "BareMvvm.Core.Test", "BareMvvm.Core.Test\BareMvvm.Core.Test.csproj", "{863792FC-A1CF-4A17-9EA7-C8EC094C0425}"
EndProject
Global
	GlobalSection(SolutionConfigurationPlatforms) = preSolution
		Debug (Android)|Any CPU = Debug (Android)|Any CPU
		Debug|Any CPU = Debug|Any CPU
		Release (Android)|Any CPU = Release (Android)|Any CPU
		Release|Any CPU = Release|Any CPU
	EndGlobalSection
	GlobalSection(ProjectConfigurationPlatforms) = postSolution
		{AB6AC1B2-91FB-4EFB-B601-A795FBAB4575}.Debug (Android)|Any CPU.ActiveCfg = Debug|Any CPU
		{AB6AC1B2-91FB-4EFB-B601-A795FBAB4575}.Debug (Android)|Any CPU.Build.0 = Debug|Any CPU
		{AB6AC1B2-91FB-4EFB-B601-A795FBAB4575}.Debug|Any CPU.ActiveCfg = Debug|Any CPU
		{AB6AC1B2-91FB-4EFB-B601-A795FBAB4575}.Debug|Any CPU.Build.0 = Debug|Any CPU
		{AB6AC1B2-91FB-4EFB-B601-A795FBAB4575}.Release (Android)|Any CPU.ActiveCfg = Release|Any CPU
		{AB6AC1B2-91FB-4EFB-B601-A795FBAB4575}.Release (Android)|Any CPU.Build.0 = Release|Any CPU
		{AB6AC1B2-91FB-4EFB-B601-A795FBAB4575}.Release|Any CPU.ActiveCfg = Release|Any CPU
		{AB6AC1B2-91FB-4EFB-B601-A795FBAB4575}.Release|Any CPU.Build.0 = Release|Any CPU
		{175ABC4A-4F7B-4CDB-AF1A-9CBF67A0601C}.Debug (Android)|Any CPU.ActiveCfg = Debug (Android)|Any CPU
		{175ABC4A-4F7B-4CDB-AF1A-9CBF67A0601C}.Debug (Android)|Any CPU.Build.0 = Debug (Android)|Any CPU
		{175ABC4A-4F7B-4CDB-AF1A-9CBF67A0601C}.Debug|Any CPU.ActiveCfg = Debug|Any CPU
		{175ABC4A-4F7B-4CDB-AF1A-9CBF67A0601C}.Debug|Any CPU.Build.0 = Debug|Any CPU
		{175ABC4A-4F7B-4CDB-AF1A-9CBF67A0601C}.Release (Android)|Any CPU.ActiveCfg = Release (Android)|Any CPU
		{175ABC4A-4F7B-4CDB-AF1A-9CBF67A0601C}.Release (Android)|Any CPU.Build.0 = Release (Android)|Any CPU
		{175ABC4A-4F7B-4CDB-AF1A-9CBF67A0601C}.Release|Any CPU.ActiveCfg = Release|Any CPU
		{175ABC4A-4F7B-4CDB-AF1A-9CBF67A0601C}.Release|Any CPU.Build.0 = Release|Any CPU
		{863792FC-A1CF-4A17-9EA7-C8EC094C0425}.Debug (Android)|Any CPU.ActiveCfg = Debug|Any CPU
		{863792FC-A1CF-4A17-9EA7-C8EC094C0425}.Debug (Android)|Any CPU.Build.0 = Debug|Any CPU
		{863792FC-A1CF-4A17-9EA7-C8EC094C0425}.Debug|Any CPU.ActiveCfg = Debug|Any CPU
		{863792FC-A1CF-4A17-9EA7-C8EC094C0425}.Debug|Any CPU.Build.0 = Debug|Any CPU
		{863792FC-A1CF-4A17-9EA7-C8EC094C0425}.Release (Android)|Any CPU.ActiveCfg = Release|Any CPU
		{863792FC-A1CF-4A17-9EA7-C8EC094C0425}.Release (Android)|Any CPU.Build.0 = Release|Any CPU
		{863792FC-A1CF-4A17-9EA7-C8EC094C0425}.Release|Any CPU.ActiveCfg = Release|Any CPU
		{863792FC-A1CF-4A17-9EA7-C8EC094C0425}.Release|Any CPU.Build.0 = Release|Any CPU
	EndGlobalSection
	GlobalSection(SolutionProperties) = preSolution
		HideSolutionNode = FALSE
	EndGlobalSection
	GlobalSection(ExtensibilityGlobals) = postSolution
		SolutionGuid = {46D3EDD0-8CD1-4D24-8AAF-F337F7FE18AA}
	EndGlobalSection
EndGlobal
